
Microsoft Visual Studio Solution File, Format Version 12.00
# Visual Studio Version 17
VisualStudioVersion = 17.9.34902.65
MinimumVisualStudioVersion = 10.0.40219.1
Project("{FAE04EC0-301F-11D3-BF4B-00C04F79EFBC}") = "MinhaAPI", "MinhaAPI.csproj", "{D464D474-6831-4583-AF94-6D489A29672D}"
EndProject
Global
	GlobalSection(SolutionConfigurationPlatforms) = preSolution
		Debug|Any CPU = Debug|Any CPU
		Release|Any CPU = Release|Any CPU
	EndGlobalSection
	GlobalSection(ProjectConfigurationPlatforms) = postSolution
		{D464D474-6831-4583-AF94-6D489A29672D}.Debug|Any CPU.ActiveCfg = Debug|Any CPU
		{D464D474-6831-4583-AF94-6D489A29672D}.Debug|Any CPU.Build.0 = Debug|Any CPU
		{D464D474-6831-4583-AF94-6D489A29672D}.Release|Any CPU.ActiveCfg = Release|Any CPU
		{D464D474-6831-4583-AF94-6D489A29672D}.Release|Any CPU.Build.0 = Release|Any CPU
	EndGlobalSection
	GlobalSection(SolutionProperties) = preSolution
		HideSolutionNode = FALSE
	EndGlobalSection
	GlobalSection(ExtensibilityGlobals) = postSolution
		SolutionGuid = {4624F0FF-7F85-470B-B7D9-4FDAD4B3EA2F}
	EndGlobalSection
EndGlobal
